
Microsoft Visual Studio Solution File, Format Version 12.00
# Visual Studio Version 17
VisualStudioVersion = 17.1.32210.238
MinimumVisualStudioVersion = 10.0.40219.1
Project("{9A19103F-16F7-4668-BE54-9A1E7A4F7556}") = "DataAccess", "DataAccess\DataAccess.csproj", "{86038341-3FDC-4DC1-9CB2-287EAEC95644}"
EndProject
Project("{9A19103F-16F7-4668-BE54-9A1E7A4F7556}") = "Business", "Business\Business.csproj", "{BDEDFC47-CAEA-43BD-9F9B-C7A86B68DB44}"
EndProject
Project("{9A19103F-16F7-4668-BE54-9A1E7A4F7556}") = "Entities", "Entities\Entities.csproj", "{DF389A2A-CABF-4636-9A01-DB0C59650F9E}"
EndProject
Project("{9A19103F-16F7-4668-BE54-9A1E7A4F7556}") = "ConsoleUI", "ConsoleUI\ConsoleUI.csproj", "{DE6E68EA-C609-4E6E-B042-20DDE3CCB7B3}"
EndProject
Project("{9A19103F-16F7-4668-BE54-9A1E7A4F7556}") = "Core", "Core\Core.csproj", "{68D2771E-9918-43A8-A0A6-51C073A07B2E}"
EndProject
Project("{FAE04EC0-301F-11D3-BF4B-00C04F79EFBC}") = "WebAPI", "WebAPI\WebAPI.csproj", "{90205DAD-C3EC-4F60-A687-3EBED02315B9}"
EndProject
Global
	GlobalSection(SolutionConfigurationPlatforms) = preSolution
		Debug|Any CPU = Debug|Any CPU
		Release|Any CPU = Release|Any CPU
	EndGlobalSection
	GlobalSection(ProjectConfigurationPlatforms) = postSolution
		{86038341-3FDC-4DC1-9CB2-287EAEC95644}.Debug|Any CPU.ActiveCfg = Debug|Any CPU
		{86038341-3FDC-4DC1-9CB2-287EAEC95644}.Debug|Any CPU.Build.0 = Debug|Any CPU
		{86038341-3FDC-4DC1-9CB2-287EAEC95644}.Release|Any CPU.ActiveCfg = Release|Any CPU
		{86038341-3FDC-4DC1-9CB2-287EAEC95644}.Release|Any CPU.Build.0 = Release|Any CPU
		{BDEDFC47-CAEA-43BD-9F9B-C7A86B68DB44}.Debug|Any CPU.ActiveCfg = Debug|Any CPU
		{BDEDFC47-CAEA-43BD-9F9B-C7A86B68DB44}.Debug|Any CPU.Build.0 = Debug|Any CPU
		{BDEDFC47-CAEA-43BD-9F9B-C7A86B68DB44}.Release|Any CPU.ActiveCfg = Release|Any CPU
		{BDEDFC47-CAEA-43BD-9F9B-C7A86B68DB44}.Release|Any CPU.Build.0 = Release|Any CPU
		{DF389A2A-CABF-4636-9A01-DB0C59650F9E}.Debug|Any CPU.ActiveCfg = Debug|Any CPU
		{DF389A2A-CABF-4636-9A01-DB0C59650F9E}.Debug|Any CPU.Build.0 = Debug|Any CPU
		{DF389A2A-CABF-4636-9A01-DB0C59650F9E}.Release|Any CPU.ActiveCfg = Release|Any CPU
		{DF389A2A-CABF-4636-9A01-DB0C59650F9E}.Release|Any CPU.Build.0 = Release|Any CPU
		{DE6E68EA-C609-4E6E-B042-20DDE3CCB7B3}.Debug|Any CPU.ActiveCfg = Debug|Any CPU
		{DE6E68EA-C609-4E6E-B042-20DDE3CCB7B3}.Debug|Any CPU.Build.0 = Debug|Any CPU
		{DE6E68EA-C609-4E6E-B042-20DDE3CCB7B3}.Release|Any CPU.ActiveCfg = Release|Any CPU
		{DE6E68EA-C609-4E6E-B042-20DDE3CCB7B3}.Release|Any CPU.Build.0 = Release|Any CPU
		{68D2771E-9918-43A8-A0A6-51C073A07B2E}.Debug|Any CPU.ActiveCfg = Debug|Any CPU
		{68D2771E-9918-43A8-A0A6-51C073A07B2E}.Debug|Any CPU.Build.0 = Debug|Any CPU
		{68D2771E-9918-43A8-A0A6-51C073A07B2E}.Release|Any CPU.ActiveCfg = Release|Any CPU
		{68D2771E-9918-43A8-A0A6-51C073A07B2E}.Release|Any CPU.Build.0 = Release|Any CPU
		{90205DAD-C3EC-4F60-A687-3EBED02315B9}.Debug|Any CPU.ActiveCfg = Debug|Any CPU
		{90205DAD-C3EC-4F60-A687-3EBED02315B9}.Debug|Any CPU.Build.0 = Debug|Any CPU
		{90205DAD-C3EC-4F60-A687-3EBED02315B9}.Release|Any CPU.ActiveCfg = Release|Any CPU
		{90205DAD-C3EC-4F60-A687-3EBED02315B9}.Release|Any CPU.Build.0 = Release|Any CPU
	EndGlobalSection
	GlobalSection(SolutionProperties) = preSolution
		HideSolutionNode = FALSE
	EndGlobalSection
	GlobalSection(ExtensibilityGlobals) = postSolution
		SolutionGuid = {5D5C91DE-4E63-407B-B489-3853DEB62B8F}
	EndGlobalSection
EndGlobal
